
Microsoft Visual Studio Solution File, Format Version 12.00
# Visual Studio 15
VisualStudioVersion = 15.0.27004.2009
MinimumVisualStudioVersion = 10.0.40219.1
Project("{8BC9CEB8-8B4A-11D0-8D11-00A0C91BC942}") = "shutdown", "shutdown\shutdown.vcxproj", "{C671D6D7-5564-44AC-9F3B-EC7794986197}"
EndProject
Global
	GlobalSection(SolutionConfigurationPlatforms) = preSolution
		Debug|x64 = Debug|x64
		Debug|x86 = Debug|x86
		Release|x64 = Release|x64
		Release|x86 = Release|x86
	EndGlobalSection
	GlobalSection(ProjectConfigurationPlatforms) = postSolution
		{C671D6D7-5564-44AC-9F3B-EC7794986197}.Debug|x64.ActiveCfg = Debug|x64
		{C671D6D7-5564-44AC-9F3B-EC7794986197}.Debug|x64.Build.0 = Debug|x64
		{C671D6D7-5564-44AC-9F3B-EC7794986197}.Debug|x86.ActiveCfg = Debug|Win32
		{C671D6D7-5564-44AC-9F3B-EC7794986197}.Debug|x86.Build.0 = Debug|Win32
		{C671D6D7-5564-44AC-9F3B-EC7794986197}.Release|x64.ActiveCfg = Release|x64
		{C671D6D7-5564-44AC-9F3B-EC7794986197}.Release|x64.Build.0 = Release|x64
		{C671D6D7-5564-44AC-9F3B-EC7794986197}.Release|x86.ActiveCfg = Release|Win32
		{C671D6D7-5564-44AC-9F3B-EC7794986197}.Release|x86.Build.0 = Release|Win32
	EndGlobalSection
	GlobalSection(SolutionProperties) = preSolution
		HideSolutionNode = FALSE
	EndGlobalSection
	GlobalSection(ExtensibilityGlobals) = postSolution
		SolutionGuid = {C8D5B191-01AE-449D-846C-31B98FCB894B}
	EndGlobalSection
EndGlobal
